
Microsoft Visual Studio Solution File, Format Version 12.00
# Visual Studio Version 16
VisualStudioVersion = 16.0.31624.102
MinimumVisualStudioVersion = 10.0.40219.1
Project("{FAE04EC0-301F-11D3-BF4B-00C04F79EFBC}") = "PirmaaMD_Programma", "PirmaaMD_Programma\PirmaaMD_Programma.csproj", "{B4E42DD6-BE7E-469A-A95F-ADBC64613489}"
EndProject
Global
	GlobalSection(SolutionConfigurationPlatforms) = preSolution
		Debug|Any CPU = Debug|Any CPU
		Release|Any CPU = Release|Any CPU
	EndGlobalSection
	GlobalSection(ProjectConfigurationPlatforms) = postSolution
		{B4E42DD6-BE7E-469A-A95F-ADBC64613489}.Debug|Any CPU.ActiveCfg = Debug|Any CPU
		{B4E42DD6-BE7E-469A-A95F-ADBC64613489}.Debug|Any CPU.Build.0 = Debug|Any CPU
		{B4E42DD6-BE7E-469A-A95F-ADBC64613489}.Release|Any CPU.ActiveCfg = Release|Any CPU
		{B4E42DD6-BE7E-469A-A95F-ADBC64613489}.Release|Any CPU.Build.0 = Release|Any CPU
	EndGlobalSection
	GlobalSection(SolutionProperties) = preSolution
		HideSolutionNode = FALSE
	EndGlobalSection
	GlobalSection(ExtensibilityGlobals) = postSolution
		SolutionGuid = {BA1F4F17-D225-46BE-BC8E-C1AC2BB5105C}
	EndGlobalSection
EndGlobal
